{
  "pins" : [
    {
      "identity" : "rxswift",
      "kind" : "remoteSourceControl",
      "location" : "https://github.com/ReactiveX/RxSwift",
      "state" : {
        "revision" : "b4307ba0b6425c0ba4178e138799946c3da594f8",
        "version" : "6.5.0"
      }
    },
    {
      "identity" : "screen-container",
      "kind" : "remoteSourceControl",
      "location" : "https://github.com/mitsuse/screen-container",
      "state" : {
        "revision" : "9e15ed49d9bb5bccd604289c29aab6012900654d",
        "version" : "0.5.0"
      }
    }
  ],
  "version" : 2
}
